{
	"name": "imn-hotspot-dashboard",
	"version": "1.0.0",
	"lockfileVersion": 3,
	"requires": true,
	"packages": {
		"": {
			"name": "imn-hotspot-dashboard",
			"version": "1.0.0",
			"dependencies": {
				"@nemanjan00/qrp": "^0.2.1"
			}
		},
		"node_modules/@nemanjan00/qrp": {
			"version": "0.2.1",
			"resolved": "https://registry.npmjs.org/@nemanjan00/qrp/-/qrp-0.2.1.tgz",
			"integrity": "sha512-MGZ5w3dZTPtPsj8+EOPVa+VuveI051+JM46/6KITTFAOpoV+HHGRxDZZuLiJOIxbNDUM79cpdcgd+ksusiQMBw==",
			"license": "MIT"
		}
	}
}
